
Microsoft Visual Studio Solution File, Format Version 12.00
# Visual Studio 15
VisualStudioVersion = 15.0.28307.1433
MinimumVisualStudioVersion = 10.0.40219.1
Project("{2150E333-8FDC-42A3-9474-1A3956D46DE8}") = "Solution Items", "Solution Items", "{78B76637-D61D-4150-9BB0-FECDD8D61BDA}"
	ProjectSection(SolutionItems) = preProject
		.gitignore = .gitignore
	EndProjectSection
EndProject
Project("{FAE04EC0-301F-11D3-BF4B-00C04F79EFBC}") = "MyJobBoard.UI.MVC", "MyJobBoard.UI.MVC\MyJobBoard.UI.MVC.csproj", "{896A95F6-57AB-437B-8FF2-CC176552DDC2}"
EndProject
Global
	GlobalSection(SolutionConfigurationPlatforms) = preSolution
		Debug|Any CPU = Debug|Any CPU
		Release|Any CPU = Release|Any CPU
	EndGlobalSection
	GlobalSection(ProjectConfigurationPlatforms) = postSolution
		{896A95F6-57AB-437B-8FF2-CC176552DDC2}.Debug|Any CPU.ActiveCfg = Debug|Any CPU
		{896A95F6-57AB-437B-8FF2-CC176552DDC2}.Debug|Any CPU.Build.0 = Debug|Any CPU
		{896A95F6-57AB-437B-8FF2-CC176552DDC2}.Release|Any CPU.ActiveCfg = Release|Any CPU
		{896A95F6-57AB-437B-8FF2-CC176552DDC2}.Release|Any CPU.Build.0 = Release|Any CPU
	EndGlobalSection
	GlobalSection(SolutionProperties) = preSolution
		HideSolutionNode = FALSE
	EndGlobalSection
	GlobalSection(ExtensibilityGlobals) = postSolution
		SolutionGuid = {A344AE9A-4CC6-4094-837E-1D6C02857B6B}
	EndGlobalSection
EndGlobal
